// !$*UTF8*$!
{
	archiveVersion = 1;
	classes = {
	};
	objectVersion = 50;
	objects = {

/* Begin PBXBuildFile section */
		06243D99238399920026ADE7 /* AppDelegate.swift in Sources */ = {isa = PBXBuildFile; fileRef = 06243D98238399920026ADE7 /* AppDelegate.swift */; };
		06243D9B238399920026ADE7 /* SceneDelegate.swift in Sources */ = {isa = PBXBuildFile; fileRef = 06243D9A238399920026ADE7 /* SceneDelegate.swift */; };
		06243D9D238399920026ADE7 /* ViewController.swift in Sources */ = {isa = PBXBuildFile; fileRef = 06243D9C238399920026ADE7 /* ViewController.swift */; };
		06243DA0238399920026ADE7 /* Main.storyboard in Resources */ = {isa = PBXBuildFile; fileRef = 06243D9E238399920026ADE7 /* Main.storyboard */; };
		06243DA2238399930026ADE7 /* Assets.xcassets in Resources */ = {isa = PBXBuildFile; fileRef = 06243DA1238399930026ADE7 /* Assets.xcassets */; };
		06243DA5238399930026ADE7 /* LaunchScreen.storyboard in Resources */ = {isa = PBXBuildFile; fileRef = 06243DA3238399930026ADE7 /* LaunchScreen.storyboard */; };
		06243DB0238399930026ADE7 /* fastlaneTestTests.swift in Sources */ = {isa = PBXBuildFile; fileRef = 06243DAF238399930026ADE7 /* fastlaneTestTests.swift */; };
		06243DBB238399930026ADE7 /* fastlaneTestUITests.swift in Sources */ = {isa = PBXBuildFile; fileRef = 06243DBA238399930026ADE7 /* fastlaneTestUITests.swift */; };
/* End PBXBuildFile section */

/* Begin PBXContainerItemProxy section */
		06243DAC238399930026ADE7 /* PBXContainerItemProxy */ = {
			isa = PBXContainerItemProxy;
			containerPortal = 06243D8D238399920026ADE7 /* Project object */;
			proxyType = 1;
			remoteGlobalIDString = 06243D94238399920026ADE7;
			remoteInfo = fastlaneTest;
		};
		06243DB7238399930026ADE7 /* PBXContainerItemProxy */ = {
			isa = PBXContainerItemProxy;
			containerPortal = 06243D8D238399920026ADE7 /* Project object */;
			proxyType = 1;
			remoteGlobalIDString = 06243D94238399920026ADE7;
			remoteInfo = fastlaneTest;
		};
/* End PBXContainerItemProxy section */

/* Begin PBXFileReference section */
		06243D95238399920026ADE7 /* fastlaneTest.app */ = {isa = PBXFileReference; explicitFileType = wrapper.application; includeInIndex = 0; path = fastlaneTest.app; sourceTree = BUILT_PRODUCTS_DIR; };
		06243D98238399920026ADE7 /* AppDelegate.swift */ = {isa = PBXFileReference; lastKnownFileType = sourcecode.swift; path = AppDelegate.swift; sourceTree = "<group>"; };
		06243D9A238399920026ADE7 /* SceneDelegate.swift */ = {isa = PBXFileReference; lastKnownFileType = sourcecode.swift; path = SceneDelegate.swift; sourceTree = "<group>"; };
		06243D9C238399920026ADE7 /* ViewController.swift */ = {isa = PBXFileReference; lastKnownFileType = sourcecode.swift; path = ViewController.swift; sourceTree = "<group>"; };
		06243D9F238399920026ADE7 /* Base */ = {isa = PBXFileReference; lastKnownFileType = file.storyboard; name = Base; path = Base.lproj/Main.storyboard; sourceTree = "<group>"; };
		06243DA1238399930026ADE7 /* Assets.xcassets */ = {isa = PBXFileReference; lastKnownFileType = folder.assetcatalog; path = Assets.xcassets; sourceTree = "<group>"; };
		06243DA4238399930026ADE7 /* Base */ = {isa = PBXFileReference; lastKnownFileType = file.storyboard; name = Base; path = Base.lproj/LaunchScreen.storyboard; sourceTree = "<group>"; };
		06243DA6238399930026ADE7 /* Info.plist */ = {isa = PBXFileReference; lastKnownFileType = text.plist.xml; path = Info.plist; sourceTree = "<group>"; };
		06243DAB238399930026ADE7 /* fastlaneTestTests.xctest */ = {isa = PBXFileReference; explicitFileType = wrapper.cfbundle; includeInIndex = 0; path = fastlaneTestTests.xctest; sourceTree = BUILT_PRODUCTS_DIR; };
		06243DAF238399930026ADE7 /* fastlaneTestTests.swift */ = {isa = PBXFileReference; lastKnownFileType = sourcecode.swift; path = fastlaneTestTests.swift; sourceTree = "<group>"; };
		06243DB1238399930026ADE7 /* Info.plist */ = {isa = PBXFileReference; lastKnownFileType = text.plist.xml; path = Info.plist; sourceTree = "<group>"; };
		06243DB6238399930026ADE7 /* fastlaneTestUITests.xctest */ = {isa = PBXFileReference; explicitFileType = wrapper.cfbundle; includeInIndex = 0; path = fastlaneTestUITests.xctest; sourceTree = BUILT_PRODUCTS_DIR; };
		06243DBA238399930026ADE7 /* fastlaneTestUITests.swift */ = {isa = PBXFileReference; lastKnownFileType = sourcecode.swift; path = fastlaneTestUITests.swift; sourceTree = "<group>"; };
		06243DBC238399930026ADE7 /* Info.plist */ = {isa = PBXFileReference; lastKnownFileType = text.plist.xml; path = Info.plist; sourceTree = "<group>"; };
/* End PBXFileReference section */

/* Begin PBXFrameworksBuildPhase section */
		06243D92238399920026ADE7 /* Frameworks */ = {
			isa = PBXFrameworksBuildPhase;
			buildActionMask = 2147483647;
			files = (
			);
			runOnlyForDeploymentPostprocessing = 0;
		};
		06243DA8238399930026ADE7 /* Frameworks */ = {
			isa = PBXFrameworksBuildPhase;
			buildActionMask = 2147483647;
			files = (
			);
			runOnlyForDeploymentPostprocessing = 0;
		};
		06243DB3238399930026ADE7 /* Frameworks */ = {
			isa = PBXFrameworksBuildPhase;
			buildActionMask = 2147483647;
			files = (
			);
			runOnlyForDeploymentPostprocessing = 0;
		};
/* End PBXFrameworksBuildPhase section */

/* Begin PBXGroup section */
		06243D8C238399920026ADE7 = {
			isa = PBXGroup;
			children = (
				06243D97238399920026ADE7 /* fastlaneTest */,
				06243DAE238399930026ADE7 /* fastlaneTestTests */,
				06243DB9238399930026ADE7 /* fastlaneTestUITests */,
				06243D96238399920026ADE7 /* Products */,
			);
			sourceTree = "<group>";
		};
		06243D96238399920026ADE7 /* Products */ = {
			isa = PBXGroup;
			children = (
				06243D95238399920026ADE7 /* fastlaneTest.app */,
				06243DAB238399930026ADE7 /* fastlaneTestTests.xctest */,
				06243DB6238399930026ADE7 /* fastlaneTestUITests.xctest */,
			);
			name = Products;
			sourceTree = "<group>";
		};
		06243D97238399920026ADE7 /* fastlaneTest */ = {
			isa = PBXGroup;
			children = (
				06243D98238399920026ADE7 /* AppDelegate.swift */,
				06243D9A238399920026ADE7 /* SceneDelegate.swift */,
				06243D9C238399920026ADE7 /* ViewController.swift */,
				06243D9E238399920026ADE7 /* Main.storyboard */,
				06243DA1238399930026ADE7 /* Assets.xcassets */,
				06243DA3238399930026ADE7 /* LaunchScreen.storyboard */,
				06243DA6238399930026ADE7 /* Info.plist */,
			);
			path = fastlaneTest;
			sourceTree = "<group>";
		};
		06243DAE238399930026ADE7 /* fastlaneTestTests */ = {
			isa = PBXGroup;
			children = (
				06243DAF238399930026ADE7 /* fastlaneTestTests.swift */,
				06243DB1238399930026ADE7 /* Info.plist */,
			);
			path = fastlaneTestTests;
			sourceTree = "<group>";
		};
		06243DB9238399930026ADE7 /* fastlaneTestUITests */ = {
			isa = PBXGroup;
			children = (
				06243DBA238399930026ADE7 /* fastlaneTestUITests.swift */,
				06243DBC238399930026ADE7 /* Info.plist */,
			);
			path = fastlaneTestUITests;
			sourceTree = "<group>";
		};
/* End PBXGroup section */

/* Begin PBXNativeTarget section */
		06243D94238399920026ADE7 /* fastlaneTest */ = {
			isa = PBXNativeTarget;
			buildConfigurationList = 06243DBF238399930026ADE7 /* Build configuration list for PBXNativeTarget "fastlaneTest" */;
			buildPhases = (
				06243D91238399920026ADE7 /* Sources */,
				06243D92238399920026ADE7 /* Frameworks */,
				06243D93238399920026ADE7 /* Resources */,
			);
			buildRules = (
			);
			dependencies = (
			);
			name = fastlaneTest;
			productName = fastlaneTest;
			productReference = 06243D95238399920026ADE7 /* fastlaneTest.app */;
			productType = "com.apple.product-type.application";
		};
		06243DAA238399930026ADE7 /* fastlaneTestTests */ = {
			isa = PBXNativeTarget;
			buildConfigurationList = 06243DC2238399930026ADE7 /* Build configuration list for PBXNativeTarget "fastlaneTestTests" */;
			buildPhases = (
				06243DA7238399930026ADE7 /* Sources */,
				06243DA8238399930026ADE7 /* Frameworks */,
				06243DA9238399930026ADE7 /* Resources */,
			);
			buildRules = (
			);
			dependencies = (
				06243DAD238399930026ADE7 /* PBXTargetDependency */,
			);
			name = fastlaneTestTests;
			productName = fastlaneTestTests;
			productReference = 06243DAB238399930026ADE7 /* fastlaneTestTests.xctest */;
			productType = "com.apple.product-type.bundle.unit-test";
		};
		06243DB5238399930026ADE7 /* fastlaneTestUITests */ = {
			isa = PBXNativeTarget;
			buildConfigurationList = 06243DC5238399930026ADE7 /* Build configuration list for PBXNativeTarget "fastlaneTestUITests" */;
			buildPhases = (
				06243DB2238399930026ADE7 /* Sources */,
				06243DB3238399930026ADE7 /* Frameworks */,
				06243DB4238399930026ADE7 /* Resources */,
			);
			buildRules = (
			);
			dependencies = (
				06243DB8238399930026ADE7 /* PBXTargetDependency */,
			);
			name = fastlaneTestUITests;
			productName = fastlaneTestUITests;
			productReference = 06243DB6238399930026ADE7 /* fastlaneTestUITests.xctest */;
			productType = "com.apple.product-type.bundle.ui-testing";
		};
/* End PBXNativeTarget section */

/* Begin PBXProject section */
		06243D8D238399920026ADE7 /* Project object */ = {
			isa = PBXProject;
			attributes = {
				LastSwiftUpdateCheck = 1120;
				LastUpgradeCheck = 1120;
				ORGANIZATIONNAME = OpenLee;
				TargetAttributes = {
					06243D94238399920026ADE7 = {
						CreatedOnToolsVersion = 11.2.1;
					};
					06243DAA238399930026ADE7 = {
						CreatedOnToolsVersion = 11.2.1;
						TestTargetID = 06243D94238399920026ADE7;
					};
					06243DB5238399930026ADE7 = {
						CreatedOnToolsVersion = 11.2.1;
						TestTargetID = 06243D94238399920026ADE7;
					};
				};
			};
			buildConfigurationList = 06243D90238399920026ADE7 /* Build configuration list for PBXProject "fastlaneTest" */;
			compatibilityVersion = "Xcode 9.3";
			developmentRegion = en;
			hasScannedForEncodings = 0;
			knownRegions = (
				en,
				Base,
			);
			mainGroup = 06243D8C238399920026ADE7;
			productRefGroup = 06243D96238399920026ADE7 /* Products */;
			projectDirPath = "";
			projectRoot = "";
			targets = (
				06243D94238399920026ADE7 /* fastlaneTest */,
				06243DAA238399930026ADE7 /* fastlaneTestTests */,
				06243DB5238399930026ADE7 /* fastlaneTestUITests */,
			);
		};
/* End PBXProject section */

/* Begin PBXResourcesBuildPhase section */
		06243D93238399920026ADE7 /* Resources */ = {
			isa = PBXResourcesBuildPhase;
			buildActionMask = 2147483647;
			files = (
				06243DA5238399930026ADE7 /* LaunchScreen.storyboard in Resources */,
				06243DA2238399930026ADE7 /* Assets.xcassets in Resources */,
				06243DA0238399920026ADE7 /* Main.storyboard in Resources */,
			);
			runOnlyForDeploymentPostprocessing = 0;
		};
		06243DA9238399930026ADE7 /* Resources */ = {
			isa = PBXResourcesBuildPhase;
			buildActionMask = 2147483647;
			files = (
			);
			runOnlyForDeploymentPostprocessing = 0;
		};
		06243DB4238399930026ADE7 /* Resources */ = {
			isa = PBXResourcesBuildPhase;
			buildActionMask = 2147483647;
			files = (
			);
			runOnlyForDeploymentPostprocessing = 0;
		};
/* End PBXResourcesBuildPhase section */

/* Begin PBXSourcesBuildPhase section */
		06243D91238399920026ADE7 /* Sources */ = {
			isa = PBXSourcesBuildPhase;
			buildActionMask = 2147483647;
			files = (
				06243D9D238399920026ADE7 /* ViewController.swift in Sources */,
				06243D99238399920026ADE7 /* AppDelegate.swift in Sources */,
				06243D9B238399920026ADE7 /* SceneDelegate.swift in Sources */,
			);
			runOnlyForDeploymentPostprocessing = 0;
		};
		06243DA7238399930026ADE7 /* Sources */ = {
			isa = PBXSourcesBuildPhase;
			buildActionMask = 2147483647;
			files = (
				06243DB0238399930026ADE7 /* fastlaneTestTests.swift in Sources */,
			);
			runOnlyForDeploymentPostprocessing = 0;
		};
		06243DB2238399930026ADE7 /* Sources */ = {
			isa = PBXSourcesBuildPhase;
			buildActionMask = 2147483647;
			files = (
				06243DBB238399930026ADE7 /* fastlaneTestUITests.swift in Sources */,
			);
			runOnlyForDeploymentPostprocessing = 0;
		};
/* End PBXSourcesBuildPhase section */

/* Begin PBXTargetDependency section */
		06243DAD238399930026ADE7 /* PBXTargetDependency */ = {
			isa = PBXTargetDependency;
			target = 06243D94238399920026ADE7 /* fastlaneTest */;
			targetProxy = 06243DAC238399930026ADE7 /* PBXContainerItemProxy */;
		};
		06243DB8238399930026ADE7 /* PBXTargetDependency */ = {
			isa = PBXTargetDependency;
			target = 06243D94238399920026ADE7 /* fastlaneTest */;
			targetProxy = 06243DB7238399930026ADE7 /* PBXContainerItemProxy */;
		};
/* End PBXTargetDependency section */

/* Begin PBXVariantGroup section */
		06243D9E238399920026ADE7 /* Main.storyboard */ = {
			isa = PBXVariantGroup;
			children = (
				06243D9F238399920026ADE7 /* Base */,
			);
			name = Main.storyboard;
			sourceTree = "<group>";
		};
		06243DA3238399930026ADE7 /* LaunchScreen.storyboard */ = {
			isa = PBXVariantGroup;
			children = (
				06243DA4238399930026ADE7 /* Base */,
			);
			name = LaunchScreen.storyboard;
			sourceTree = "<group>";
		};
/* End PBXVariantGroup section */

/* Begin XCBuildConfiguration section */
		06243DBD238399930026ADE7 /* Debug */ = {
			isa = XCBuildConfiguration;
			buildSettings = {
				ALWAYS_SEARCH_USER_PATHS = NO;
				CLANG_ANALYZER_NONNULL = YES;
				CLANG_ANALYZER_NUMBER_OBJECT_CONVERSION = YES_AGGRESSIVE;
				CLANG_CXX_LANGUAGE_STANDARD = "gnu++14";
				CLANG_CXX_LIBRARY = "libc++";
				CLANG_ENABLE_MODULES = YES;
				CLANG_ENABLE_OBJC_ARC = YES;
				CLANG_ENABLE_OBJC_WEAK = YES;
				CLANG_WARN_BLOCK_CAPTURE_AUTORELEASING = YES;
				CLANG_WARN_BOOL_CONVERSION = YES;
				CLANG_WARN_COMMA = YES;
				CLANG_WARN_CONSTANT_CONVERSION = YES;
				CLANG_WARN_DEPRECATED_OBJC_IMPLEMENTATIONS = YES;
				CLANG_WARN_DIRECT_OBJC_ISA_USAGE = YES_ERROR;
				CLANG_WARN_DOCUMENTATION_COMMENTS = YES;
				CLANG_WARN_EMPTY_BODY = YES;
				CLANG_WARN_ENUM_CONVERSION = YES;
				CLANG_WARN_INFINITE_RECURSION = YES;
				CLANG_WARN_INT_CONVERSION = YES;
				CLANG_WARN_NON_LITERAL_NULL_CONVERSION = YES;
				CLANG_WARN_OBJC_IMPLICIT_RETAIN_SELF = YES;
				CLANG_WARN_OBJC_LITERAL_CONVERSION = YES;
				CLANG_WARN_OBJC_ROOT_CLASS = YES_ERROR;
				CLANG_WARN_RANGE_LOOP_ANALYSIS = YES;
				CLANG_WARN_STRICT_PROTOTYPES = YES;
				CLANG_WARN_SUSPICIOUS_MOVE = YES;
				CLANG_WARN_UNGUARDED_AVAILABILITY = YES_AGGRESSIVE;
				CLANG_WARN_UNREACHABLE_CODE = YES;
				CLANG_WARN__DUPLICATE_METHOD_MATCH = YES;
				COPY_PHASE_STRIP = NO;
				DEBUG_INFORMATION_FORMAT = dwarf;
				ENABLE_STRICT_OBJC_MSGSEND = YES;
				ENABLE_TESTABILITY = YES;
				GCC_C_LANGUAGE_STANDARD = gnu11;
				GCC_DYNAMIC_NO_PIC = NO;
				GCC_NO_COMMON_BLOCKS = YES;
				GCC_OPTIMIZATION_LEVEL = 0;
				GCC_PREPROCESSOR_DEFINITIONS = (
					"DEBUG=1",
					"$(inherited)",
				);
				GCC_WARN_64_TO_32_BIT_CONVERSION = YES;
				GCC_WARN_ABOUT_RETURN_TYPE = YES_ERROR;
				GCC_WARN_UNDECLARED_SELECTOR = YES;
				GCC_WARN_UNINITIALIZED_AUTOS = YES_AGGRESSIVE;
				GCC_WARN_UNUSED_FUNCTION = YES;
				GCC_WARN_UNUSED_VARIABLE = YES;
				IPHONEOS_DEPLOYMENT_TARGET = 13.2;
				MTL_ENABLE_DEBUG_INFO = INCLUDE_SOURCE;
				MTL_FAST_MATH = YES;
				ONLY_ACTIVE_ARCH = YES;
				SDKROOT = iphoneos;
				SWIFT_ACTIVE_COMPILATION_CONDITIONS = DEBUG;
				SWIFT_OPTIMIZATION_LEVEL = "-Onone";
			};
			name = Debug;
		};
		06243DBE238399930026ADE7 /* Release */ = {
			isa = XCBuildConfiguration;
			buildSettings = {
				ALWAYS_SEARCH_USER_PATHS = NO;
				CLANG_ANALYZER_NONNULL = YES;
				CLANG_ANALYZER_NUMBER_OBJECT_CONVERSION = YES_AGGRESSIVE;
				CLANG_CXX_LANGUAGE_STANDARD = "gnu++14";
				CLANG_CXX_LIBRARY = "libc++";
				CLANG_ENABLE_MODULES = YES;
				CLANG_ENABLE_OBJC_ARC = YES;
				CLANG_ENABLE_OBJC_WEAK = YES;
				CLANG_WARN_BLOCK_CAPTURE_AUTORELEASING = YES;
				CLANG_WARN_BOOL_CONVERSION = YES;
				CLANG_WARN_COMMA = YES;
				CLANG_WARN_CONSTANT_CONVERSION = YES;
				CLANG_WARN_DEPRECATED_OBJC_IMPLEMENTATIONS = YES;
				CLANG_WARN_DIRECT_OBJC_ISA_USAGE = YES_ERROR;
				CLANG_WARN_DOCUMENTATION_COMMENTS = YES;
				CLANG_WARN_EMPTY_BODY = YES;
				CLANG_WARN_ENUM_CONVERSION = YES;
				CLANG_WARN_INFINITE_RECURSION = YES;
				CLANG_WARN_INT_CONVERSION = YES;
				CLANG_WARN_NON_LITERAL_NULL_CONVERSION = YES;
				CLANG_WARN_OBJC_IMPLICIT_RETAIN_SELF = YES;
				CLANG_WARN_OBJC_LITERAL_CONVERSION = YES;
				CLANG_WARN_OBJC_ROOT_CLASS = YES_ERROR;
				CLANG_WARN_RANGE_LOOP_ANALYSIS = YES;
				CLANG_WARN_STRICT_PROTOTYPES = YES;
				CLANG_WARN_SUSPICIOUS_MOVE = YES;
				CLANG_WARN_UNGUARDED_AVAILABILITY = YES_AGGRESSIVE;
				CLANG_WARN_UNREACHABLE_CODE = YES;
				CLANG_WARN__DUPLICATE_METHOD_MATCH = YES;
				COPY_PHASE_STRIP = NO;
				DEBUG_INFORMATION_FORMAT = "dwarf-with-dsym";
				ENABLE_NS_ASSERTIONS = NO;
				ENABLE_STRICT_OBJC_MSGSEND = YES;
				GCC_C_LANGUAGE_STANDARD = gnu11;
				GCC_NO_COMMON_BLOCKS = YES;
				GCC_WARN_64_TO_32_BIT_CONVERSION = YES;
				GCC_WARN_ABOUT_RETURN_TYPE = YES_ERROR;
				GCC_WARN_UNDECLARED_SELECTOR = YES;
				GCC_WARN_UNINITIALIZED_AUTOS = YES_AGGRESSIVE;
				GCC_WARN_UNUSED_FUNCTION = YES;
				GCC_WARN_UNUSED_VARIABLE = YES;
				IPHONEOS_DEPLOYMENT_TARGET = 13.2;
				MTL_ENABLE_DEBUG_INFO = NO;
				MTL_FAST_MATH = YES;
				SDKROOT = iphoneos;
				SWIFT_COMPILATION_MODE = wholemodule;
				SWIFT_OPTIMIZATION_LEVEL = "-O";
				VALIDATE_PRODUCT = YES;
			};
			name = Release;
		};
		06243DC0238399930026ADE7 /* Debug */ = {
			isa = XCBuildConfiguration;
			buildSettings = {
				ASSETCATALOG_COMPILER_APPICON_NAME = AppIcon;
				CODE_SIGN_STYLE = Automatic;
				DEVELOPMENT_TEAM = 8D39S26M2Q;
				INFOPLIST_FILE = fastlaneTest/Info.plist;
				LD_RUNPATH_SEARCH_PATHS = (
					"$(inherited)",
					"@executable_path/Frameworks",
				);
				PRODUCT_BUNDLE_IDENTIFIER = openlee.fastlaneTest;
				PRODUCT_NAME = "$(TARGET_NAME)";
				SWIFT_VERSION = 5.0;
				TARGETED_DEVICE_FAMILY = "1,2";
			};
			name = Debug;
		};
		06243DC1238399930026ADE7 /* Release */ = {
			isa = XCBuildConfiguration;
			buildSettings = {
				ASSETCATALOG_COMPILER_APPICON_NAME = AppIcon;
				CODE_SIGN_STYLE = Automatic;
				DEVELOPMENT_TEAM = 8D39S26M2Q;
				INFOPLIST_FILE = fastlaneTest/Info.plist;
				LD_RUNPATH_SEARCH_PATHS = (
					"$(inherited)",
					"@executable_path/Frameworks",
				);
				PRODUCT_BUNDLE_IDENTIFIER = openlee.fastlaneTest;
				PRODUCT_NAME = "$(TARGET_NAME)";
				SWIFT_VERSION = 5.0;
				TARGETED_DEVICE_FAMILY = "1,2";
			};
			name = Release;
		};
		06243DC3238399930026ADE7 /* Debug */ = {
			isa = XCBuildConfiguration;
			buildSettings = {
				ALWAYS_EMBED_SWIFT_STANDARD_LIBRARIES = YES;
				BUNDLE_LOADER = "$(TEST_HOST)";
				CODE_SIGN_STYLE = Automatic;
				DEVELOPMENT_TEAM = 8D39S26M2Q;
				INFOPLIST_FILE = fastlaneTestTests/Info.plist;
				IPHONEOS_DEPLOYMENT_TARGET = 13.2;
				LD_RUNPATH_SEARCH_PATHS = (
					"$(inherited)",
					"@executable_path/Frameworks",
					"@loader_path/Frameworks",
				);
				PRODUCT_BUNDLE_IDENTIFIER = openlee.fastlaneTestTests;
				PRODUCT_NAME = "$(TARGET_NAME)";
				SWIFT_VERSION = 5.0;
				TARGETED_DEVICE_FAMILY = "1,2";
				TEST_HOST = "$(BUILT_PRODUCTS_DIR)/fastlaneTest.app/fastlaneTest";
			};
			name = Debug;
		};
		06243DC4238399930026ADE7 /* Release */ = {
			isa = XCBuildConfiguration;
			buildSettings = {
				ALWAYS_EMBED_SWIFT_STANDARD_LIBRARIES = YES;
				BUNDLE_LOADER = "$(TEST_HOST)";
				CODE_SIGN_STYLE = Automatic;
				DEVELOPMENT_TEAM = 8D39S26M2Q;
				INFOPLIST_FILE = fastlaneTestTests/Info.plist;
				IPHONEOS_DEPLOYMENT_TARGET = 13.2;
				LD_RUNPATH_SEARCH_PATHS = (
					"$(inherited)",
					"@executable_path/Frameworks",
					"@loader_path/Frameworks",
				);
				PRODUCT_BUNDLE_IDENTIFIER = openlee.fastlaneTestTests;
				PRODUCT_NAME = "$(TARGET_NAME)";
				SWIFT_VERSION = 5.0;
				TARGETED_DEVICE_FAMILY = "1,2";
				TEST_HOST = "$(BUILT_PRODUCTS_DIR)/fastlaneTest.app/fastlaneTest";
			};
			name = Release;
		};
		06243DC6238399930026ADE7 /* Debug */ = {
			isa = XCBuildConfiguration;
			buildSettings = {
				ALWAYS_EMBED_SWIFT_STANDARD_LIBRARIES = YES;
				CODE_SIGN_STYLE = Automatic;
				DEVELOPMENT_TEAM = 8D39S26M2Q;
				INFOPLIST_FILE = fastlaneTestUITests/Info.plist;
				LD_RUNPATH_SEARCH_PATHS = (
					"$(inherited)",
					"@executable_path/Frameworks",
					"@loader_path/Frameworks",
				);
				PRODUCT_BUNDLE_IDENTIFIER = openlee.fastlaneTestUITests;
				PRODUCT_NAME = "$(TARGET_NAME)";
				SWIFT_VERSION = 5.0;
				TARGETED_DEVICE_FAMILY = "1,2";
				TEST_TARGET_NAME = fastlaneTest;
			};
			name = Debug;
		};
		06243DC7238399930026ADE7 /* Release */ = {
			isa = XCBuildConfiguration;
			buildSettings = {
				ALWAYS_EMBED_SWIFT_STANDARD_LIBRARIES = YES;
				CODE_SIGN_STYLE = Automatic;
				DEVELOPMENT_TEAM = 8D39S26M2Q;
				INFOPLIST_FILE = fastlaneTestUITests/Info.plist;
				LD_RUNPATH_SEARCH_PATHS = (
					"$(inherited)",
					"@executable_path/Frameworks",
					"@loader_path/Frameworks",
				);
				PRODUCT_BUNDLE_IDENTIFIER = openlee.fastlaneTestUITests;
				PRODUCT_NAME = "$(TARGET_NAME)";
				SWIFT_VERSION = 5.0;
				TARGETED_DEVICE_FAMILY = "1,2";
				TEST_TARGET_NAME = fastlaneTest;
			};
			name = Release;
		};
/* End XCBuildConfiguration section */

/* Begin XCConfigurationList section */
		06243D90238399920026ADE7 /* Build configuration list for PBXProject "fastlaneTest" */ = {
			isa = XCConfigurationList;
			buildConfigurations = (
				06243DBD238399930026ADE7 /* Debug */,
				06243DBE238399930026ADE7 /* Release */,
			);
			defaultConfigurationIsVisible = 0;
			defaultConfigurationName = Release;
		};
		06243DBF238399930026ADE7 /* Build configuration list for PBXNativeTarget "fastlaneTest" */ = {
			isa = XCConfigurationList;
			buildConfigurations = (
				06243DC0238399930026ADE7 /* Debug */,
				06243DC1238399930026ADE7 /* Release */,
			);
			defaultConfigurationIsVisible = 0;
			defaultConfigurationName = Release;
		};
		06243DC2238399930026ADE7 /* Build configuration list for PBXNativeTarget "fastlaneTestTests" */ = {
			isa = XCConfigurationList;
			buildConfigurations = (
				06243DC3238399930026ADE7 /* Debug */,
				06243DC4238399930026ADE7 /* Release */,
			);
			defaultConfigurationIsVisible = 0;
			defaultConfigurationName = Release;
		};
		06243DC5238399930026ADE7 /* Build configuration list for PBXNativeTarget "fastlaneTestUITests" */ = {
			isa = XCConfigurationList;
			buildConfigurations = (
				06243DC6238399930026ADE7 /* Debug */,
				06243DC7238399930026ADE7 /* Release */,
			);
			defaultConfigurationIsVisible = 0;
			defaultConfigurationName = Release;
		};
/* End XCConfigurationList section */
	};
	rootObject = 06243D8D238399920026ADE7 /* Project object */;
}
